// !$*UTF8*$!
{
	archiveVersion = 1;
	classes = {
	};
	objectVersion = 50;
	objects = {

/* Begin PBXBuildFile section */
		A99AA061211C216700CD111E /* AppDelegate.m in Sources */ = {isa = PBXBuildFile; fileRef = A99AA060211C216700CD111E /* AppDelegate.m */; };
		A99AA064211C216700CD111E /* ViewController.m in Sources */ = {isa = PBXBuildFile; fileRef = A99AA063211C216700CD111E /* ViewController.m */; };
		A99AA067211C216700CD111E /* Main.storyboard in Resources */ = {isa = PBXBuildFile; fileRef = A99AA065211C216700CD111E /* Main.storyboard */; };
		A99AA069211C216800CD111E /* Assets.xcassets in Resources */ = {isa = PBXBuildFile; fileRef = A99AA068211C216800CD111E /* Assets.xcassets */; };
		A99AA06C211C216800CD111E /* LaunchScreen.storyboard in Resources */ = {isa = PBXBuildFile; fileRef = A99AA06A211C216800CD111E /* LaunchScreen.storyboard */; };
		A99AA06F211C216800CD111E /* main.m in Sources */ = {isa = PBXBuildFile; fileRef = A99AA06E211C216800CD111E /* main.m */; };
		A99AA078211C217600CD111E /* PhotoBrowseViewController.m in Sources */ = {isa = PBXBuildFile; fileRef = A99AA075211C217600CD111E /* PhotoBrowseViewController.m */; };
		A99AA079211C217600CD111E /* PhotoBrowseViewController.xib in Resources */ = {isa = PBXBuildFile; fileRef = A99AA076211C217600CD111E /* PhotoBrowseViewController.xib */; };
		A99AA07B211C217C00CD111E /* 1.jpg in Resources */ = {isa = PBXBuildFile; fileRef = A99AA07A211C217C00CD111E /* 1.jpg */; };
/* End PBXBuildFile section */

/* Begin PBXFileReference section */
		A99AA05C211C216600CD111E /* PhotoBrowseDemo.app */ = {isa = PBXFileReference; explicitFileType = wrapper.application; includeInIndex = 0; path = PhotoBrowseDemo.app; sourceTree = BUILT_PRODUCTS_DIR; };
		A99AA05F211C216700CD111E /* AppDelegate.h */ = {isa = PBXFileReference; lastKnownFileType = sourcecode.c.h; path = AppDelegate.h; sourceTree = "<group>"; };
		A99AA060211C216700CD111E /* AppDelegate.m */ = {isa = PBXFileReference; lastKnownFileType = sourcecode.c.objc; path = AppDelegate.m; sourceTree = "<group>"; };
		A99AA062211C216700CD111E /* ViewController.h */ = {isa = PBXFileReference; lastKnownFileType = sourcecode.c.h; path = ViewController.h; sourceTree = "<group>"; };
		A99AA063211C216700CD111E /* ViewController.m */ = {isa = PBXFileReference; lastKnownFileType = sourcecode.c.objc; path = ViewController.m; sourceTree = "<group>"; };
		A99AA066211C216700CD111E /* Base */ = {isa = PBXFileReference; lastKnownFileType = file.storyboard; name = Base; path = Base.lproj/Main.storyboard; sourceTree = "<group>"; };
		A99AA068211C216800CD111E /* Assets.xcassets */ = {isa = PBXFileReference; lastKnownFileType = folder.assetcatalog; path = Assets.xcassets; sourceTree = "<group>"; };
		A99AA06B211C216800CD111E /* Base */ = {isa = PBXFileReference; lastKnownFileType = file.storyboard; name = Base; path = Base.lproj/LaunchScreen.storyboard; sourceTree = "<group>"; };
		A99AA06D211C216800CD111E /* Info.plist */ = {isa = PBXFileReference; lastKnownFileType = text.plist.xml; path = Info.plist; sourceTree = "<group>"; };
		A99AA06E211C216800CD111E /* main.m */ = {isa = PBXFileReference; lastKnownFileType = sourcecode.c.objc; path = main.m; sourceTree = "<group>"; };
		A99AA075211C217600CD111E /* PhotoBrowseViewController.m */ = {isa = PBXFileReference; fileEncoding = 4; lastKnownFileType = sourcecode.c.objc; path = PhotoBrowseViewController.m; sourceTree = "<group>"; };
		A99AA076211C217600CD111E /* PhotoBrowseViewController.xib */ = {isa = PBXFileReference; fileEncoding = 4; lastKnownFileType = file.xib; path = PhotoBrowseViewController.xib; sourceTree = "<group>"; };
		A99AA077211C217600CD111E /* PhotoBrowseViewController.h */ = {isa = PBXFileReference; fileEncoding = 4; lastKnownFileType = sourcecode.c.h; path = PhotoBrowseViewController.h; sourceTree = "<group>"; };
		A99AA07A211C217C00CD111E /* 1.jpg */ = {isa = PBXFileReference; lastKnownFileType = image.jpeg; path = 1.jpg; sourceTree = "<group>"; };
/* End PBXFileReference section */

/* Begin PBXFrameworksBuildPhase section */
		A99AA059211C216600CD111E /* Frameworks */ = {
			isa = PBXFrameworksBuildPhase;
			buildActionMask = 2147483647;
			files = (
			);
			runOnlyForDeploymentPostprocessing = 0;
		};
/* End PBXFrameworksBuildPhase section */

/* Begin PBXGroup section */
		A99AA053211C216600CD111E = {
			isa = PBXGroup;
			children = (
				A99AA05E211C216600CD111E /* PhotoBrowseDemo */,
				A99AA05D211C216600CD111E /* Products */,
			);
			sourceTree = "<group>";
		};
		A99AA05D211C216600CD111E /* Products */ = {
			isa = PBXGroup;
			children = (
				A99AA05C211C216600CD111E /* PhotoBrowseDemo.app */,
			);
			name = Products;
			sourceTree = "<group>";
		};
		A99AA05E211C216600CD111E /* PhotoBrowseDemo */ = {
			isa = PBXGroup;
			children = (
				A99AA05F211C216700CD111E /* AppDelegate.h */,
				A99AA060211C216700CD111E /* AppDelegate.m */,
				A99AA062211C216700CD111E /* ViewController.h */,
				A99AA063211C216700CD111E /* ViewController.m */,
				A99AA077211C217600CD111E /* PhotoBrowseViewController.h */,
				A99AA075211C217600CD111E /* PhotoBrowseViewController.m */,
				A99AA076211C217600CD111E /* PhotoBrowseViewController.xib */,
				A99AA065211C216700CD111E /* Main.storyboard */,
				A99AA068211C216800CD111E /* Assets.xcassets */,
				A99AA07A211C217C00CD111E /* 1.jpg */,
				A99AA06A211C216800CD111E /* LaunchScreen.storyboard */,
				A99AA06D211C216800CD111E /* Info.plist */,
				A99AA06E211C216800CD111E /* main.m */,
			);
			path = PhotoBrowseDemo;
			sourceTree = "<group>";
		};
/* End PBXGroup section */

/* Begin PBXNativeTarget section */
		A99AA05B211C216600CD111E /* PhotoBrowseDemo */ = {
			isa = PBXNativeTarget;
			buildConfigurationList = A99AA072211C216800CD111E /* Build configuration list for PBXNativeTarget "PhotoBrowseDemo" */;
			buildPhases = (
				A99AA058211C216600CD111E /* Sources */,
				A99AA059211C216600CD111E /* Frameworks */,
				A99AA05A211C216600CD111E /* Resources */,
			);
			buildRules = (
			);
			dependencies = (
			);
			name = PhotoBrowseDemo;
			productName = PhotoBrowseDemo;
			productReference = A99AA05C211C216600CD111E /* PhotoBrowseDemo.app */;
			productType = "com.apple.product-type.application";
		};
/* End PBXNativeTarget section */

/* Begin PBXProject section */
		A99AA054211C216600CD111E /* Project object */ = {
			isa = PBXProject;
			attributes = {
				LastUpgradeCheck = 0940;
				ORGANIZATIONNAME = "冯琦帆";
				TargetAttributes = {
					A99AA05B211C216600CD111E = {
						CreatedOnToolsVersion = 9.4;
					};
				};
			};
			buildConfigurationList = A99AA057211C216600CD111E /* Build configuration list for PBXProject "PhotoBrowseDemo" */;
			compatibilityVersion = "Xcode 9.3";
			developmentRegion = en;
			hasScannedForEncodings = 0;
			knownRegions = (
				en,
				Base,
			);
			mainGroup = A99AA053211C216600CD111E;
			productRefGroup = A99AA05D211C216600CD111E /* Products */;
			projectDirPath = "";
			projectRoot = "";
			targets = (
				A99AA05B211C216600CD111E /* PhotoBrowseDemo */,
			);
		};
/* End PBXProject section */

/* Begin PBXResourcesBuildPhase section */
		A99AA05A211C216600CD111E /* Resources */ = {
			isa = PBXResourcesBuildPhase;
			buildActionMask = 2147483647;
			files = (
				A99AA06C211C216800CD111E /* LaunchScreen.storyboard in Resources */,
				A99AA079211C217600CD111E /* PhotoBrowseViewController.xib in Resources */,
				A99AA069211C216800CD111E /* Assets.xcassets in Resources */,
				A99AA067211C216700CD111E /* Main.storyboard in Resources */,
				A99AA07B211C217C00CD111E /* 1.jpg in Resources */,
			);
			runOnlyForDeploymentPostprocessing = 0;
		};
/* End PBXResourcesBuildPhase section */

/* Begin PBXSourcesBuildPhase section */
		A99AA058211C216600CD111E /* Sources */ = {
			isa = PBXSourcesBuildPhase;
			buildActionMask = 2147483647;
			files = (
				A99AA064211C216700CD111E /* ViewController.m in Sources */,
				A99AA078211C217600CD111E /* PhotoBrowseViewController.m in Sources */,
				A99AA06F211C216800CD111E /* main.m in Sources */,
				A99AA061211C216700CD111E /* AppDelegate.m in Sources */,
			);
			runOnlyForDeploymentPostprocessing = 0;
		};
/* End PBXSourcesBuildPhase section */

/* Begin PBXVariantGroup section */
		A99AA065211C216700CD111E /* Main.storyboard */ = {
			isa = PBXVariantGroup;
			children = (
				A99AA066211C216700CD111E /* Base */,
			);
			name = Main.storyboard;
			sourceTree = "<group>";
		};
		A99AA06A211C216800CD111E /* LaunchScreen.storyboard */ = {
			isa = PBXVariantGroup;
			children = (
				A99AA06B211C216800CD111E /* Base */,
			);
			name = LaunchScreen.storyboard;
			sourceTree = "<group>";
		};
/* End PBXVariantGroup section */

/* Begin XCBuildConfiguration section */
		A99AA070211C216800CD111E /* Debug */ = {
			isa = XCBuildConfiguration;
			buildSettings = {
				ALWAYS_SEARCH_USER_PATHS = NO;
				CLANG_ANALYZER_NONNULL = YES;
				CLANG_ANALYZER_NUMBER_OBJECT_CONVERSION = YES_AGGRESSIVE;
				CLANG_CXX_LANGUAGE_STANDARD = "gnu++14";
				CLANG_CXX_LIBRARY = "libc++";
				CLANG_ENABLE_MODULES = YES;
				CLANG_ENABLE_OBJC_ARC = YES;
				CLANG_ENABLE_OBJC_WEAK = YES;
				CLANG_WARN_BLOCK_CAPTURE_AUTORELEASING = YES;
				CLANG_WARN_BOOL_CONVERSION = YES;
				CLANG_WARN_COMMA = YES;
				CLANG_WARN_CONSTANT_CONVERSION = YES;
				CLANG_WARN_DEPRECATED_OBJC_IMPLEMENTATIONS = YES;
				CLANG_WARN_DIRECT_OBJC_ISA_USAGE = YES_ERROR;
				CLANG_WARN_DOCUMENTATION_COMMENTS = YES;
				CLANG_WARN_EMPTY_BODY = YES;
				CLANG_WARN_ENUM_CONVERSION = YES;
				CLANG_WARN_INFINITE_RECURSION = YES;
				CLANG_WARN_INT_CONVERSION = YES;
				CLANG_WARN_NON_LITERAL_NULL_CONVERSION = YES;
				CLANG_WARN_OBJC_IMPLICIT_RETAIN_SELF = YES;
				CLANG_WARN_OBJC_LITERAL_CONVERSION = YES;
				CLANG_WARN_OBJC_ROOT_CLASS = YES_ERROR;
				CLANG_WARN_RANGE_LOOP_ANALYSIS = YES;
				CLANG_WARN_STRICT_PROTOTYPES = YES;
				CLANG_WARN_SUSPICIOUS_MOVE = YES;
				CLANG_WARN_UNGUARDED_AVAILABILITY = YES_AGGRESSIVE;
				CLANG_WARN_UNREACHABLE_CODE = YES;
				CLANG_WARN__DUPLICATE_METHOD_MATCH = YES;
				CODE_SIGN_IDENTITY = "iPhone Developer";
				COPY_PHASE_STRIP = NO;
				DEBUG_INFORMATION_FORMAT = dwarf;
				ENABLE_STRICT_OBJC_MSGSEND = YES;
				ENABLE_TESTABILITY = YES;
				GCC_C_LANGUAGE_STANDARD = gnu11;
				GCC_DYNAMIC_NO_PIC = NO;
				GCC_NO_COMMON_BLOCKS = YES;
				GCC_OPTIMIZATION_LEVEL = 0;
				GCC_PREPROCESSOR_DEFINITIONS = (
					"DEBUG=1",
					"$(inherited)",
				);
				GCC_WARN_64_TO_32_BIT_CONVERSION = YES;
				GCC_WARN_ABOUT_RETURN_TYPE = YES_ERROR;
				GCC_WARN_UNDECLARED_SELECTOR = YES;
				GCC_WARN_UNINITIALIZED_AUTOS = YES_AGGRESSIVE;
				GCC_WARN_UNUSED_FUNCTION = YES;
				GCC_WARN_UNUSED_VARIABLE = YES;
				IPHONEOS_DEPLOYMENT_TARGET = 11.4;
				MTL_ENABLE_DEBUG_INFO = YES;
				ONLY_ACTIVE_ARCH = YES;
				SDKROOT = iphoneos;
			};
			name = Debug;
		};
		A99AA071211C216800CD111E /* Release */ = {
			isa = XCBuildConfiguration;
			buildSettings = {
				ALWAYS_SEARCH_USER_PATHS = NO;
				CLANG_ANALYZER_NONNULL = YES;
				CLANG_ANALYZER_NUMBER_OBJECT_CONVERSION = YES_AGGRESSIVE;
				CLANG_CXX_LANGUAGE_STANDARD = "gnu++14";
				CLANG_CXX_LIBRARY = "libc++";
				CLANG_ENABLE_MODULES = YES;
				CLANG_ENABLE_OBJC_ARC = YES;
				CLANG_ENABLE_OBJC_WEAK = YES;
				CLANG_WARN_BLOCK_CAPTURE_AUTORELEASING = YES;
				CLANG_WARN_BOOL_CONVERSION = YES;
				CLANG_WARN_COMMA = YES;
				CLANG_WARN_CONSTANT_CONVERSION = YES;
				CLANG_WARN_DEPRECATED_OBJC_IMPLEMENTATIONS = YES;
				CLANG_WARN_DIRECT_OBJC_ISA_USAGE = YES_ERROR;
				CLANG_WARN_DOCUMENTATION_COMMENTS = YES;
				CLANG_WARN_EMPTY_BODY = YES;
				CLANG_WARN_ENUM_CONVERSION = YES;
				CLANG_WARN_INFINITE_RECURSION = YES;
				CLANG_WARN_INT_CONVERSION = YES;
				CLANG_WARN_NON_LITERAL_NULL_CONVERSION = YES;
				CLANG_WARN_OBJC_IMPLICIT_RETAIN_SELF = YES;
				CLANG_WARN_OBJC_LITERAL_CONVERSION = YES;
				CLANG_WARN_OBJC_ROOT_CLASS = YES_ERROR;
				CLANG_WARN_RANGE_LOOP_ANALYSIS = YES;
				CLANG_WARN_STRICT_PROTOTYPES = YES;
				CLANG_WARN_SUSPICIOUS_MOVE = YES;
				CLANG_WARN_UNGUARDED_AVAILABILITY = YES_AGGRESSIVE;
				CLANG_WARN_UNREACHABLE_CODE = YES;
				CLANG_WARN__DUPLICATE_METHOD_MATCH = YES;
				CODE_SIGN_IDENTITY = "iPhone Developer";
				COPY_PHASE_STRIP = NO;
				DEBUG_INFORMATION_FORMAT = "dwarf-with-dsym";
				ENABLE_NS_ASSERTIONS = NO;
				ENABLE_STRICT_OBJC_MSGSEND = YES;
				GCC_C_LANGUAGE_STANDARD = gnu11;
				GCC_NO_COMMON_BLOCKS = YES;
				GCC_WARN_64_TO_32_BIT_CONVERSION = YES;
				GCC_WARN_ABOUT_RETURN_TYPE = YES_ERROR;
				GCC_WARN_UNDECLARED_SELECTOR = YES;
				GCC_WARN_UNINITIALIZED_AUTOS = YES_AGGRESSIVE;
				GCC_WARN_UNUSED_FUNCTION = YES;
				GCC_WARN_UNUSED_VARIABLE = YES;
				IPHONEOS_DEPLOYMENT_TARGET = 11.4;
				MTL_ENABLE_DEBUG_INFO = NO;
				SDKROOT = iphoneos;
				VALIDATE_PRODUCT = YES;
			};
			name = Release;
		};
		A99AA073211C216800CD111E /* Debug */ = {
			isa = XCBuildConfiguration;
			buildSettings = {
				ASSETCATALOG_COMPILER_APPICON_NAME = AppIcon;
				CODE_SIGN_STYLE = Automatic;
				DEVELOPMENT_TEAM = XKN5CG9S5B;
				INFOPLIST_FILE = PhotoBrowseDemo/Info.plist;
				IPHONEOS_DEPLOYMENT_TARGET = 9.0;
				LD_RUNPATH_SEARCH_PATHS = (
					"$(inherited)",
					"@executable_path/Frameworks",
				);
				PRODUCT_BUNDLE_IDENTIFIER = com.PhotoBrowseDemo;
				PRODUCT_NAME = "$(TARGET_NAME)";
				TARGETED_DEVICE_FAMILY = "1,2";
			};
			name = Debug;
		};
		A99AA074211C216800CD111E /* Release */ = {
			isa = XCBuildConfiguration;
			buildSettings = {
				ASSETCATALOG_COMPILER_APPICON_NAME = AppIcon;
				CODE_SIGN_STYLE = Automatic;
				DEVELOPMENT_TEAM = XKN5CG9S5B;
				INFOPLIST_FILE = PhotoBrowseDemo/Info.plist;
				IPHONEOS_DEPLOYMENT_TARGET = 9.0;
				LD_RUNPATH_SEARCH_PATHS = (
					"$(inherited)",
					"@executable_path/Frameworks",
				);
				PRODUCT_BUNDLE_IDENTIFIER = com.PhotoBrowseDemo;
				PRODUCT_NAME = "$(TARGET_NAME)";
				TARGETED_DEVICE_FAMILY = "1,2";
			};
			name = Release;
		};
/* End XCBuildConfiguration section */

/* Begin XCConfigurationList section */
		A99AA057211C216600CD111E /* Build configuration list for PBXProject "PhotoBrowseDemo" */ = {
			isa = XCConfigurationList;
			buildConfigurations = (
				A99AA070211C216800CD111E /* Debug */,
				A99AA071211C216800CD111E /* Release */,
			);
			defaultConfigurationIsVisible = 0;
			defaultConfigurationName = Release;
		};
		A99AA072211C216800CD111E /* Build configuration list for PBXNativeTarget "PhotoBrowseDemo" */ = {
			isa = XCConfigurationList;
			buildConfigurations = (
				A99AA073211C216800CD111E /* Debug */,
				A99AA074211C216800CD111E /* Release */,
			);
			defaultConfigurationIsVisible = 0;
			defaultConfigurationName = Release;
		};
/* End XCConfigurationList section */
	};
	rootObject = A99AA054211C216600CD111E /* Project object */;
}
